
Microsoft Visual Studio Solution File, Format Version 12.00
# Visual Studio Version 16
VisualStudioVersion = 16.0.30523.141
MinimumVisualStudioVersion = 10.0.40219.1
Project("{FAE04EC0-301F-11D3-BF4B-00C04F79EFBC}") = "tasktest", "tasktest\tasktest.csproj", "{C04CB9C0-0C4E-4165-B6B9-C20398CAB617}"
EndProject
Global
	GlobalSection(SolutionConfigurationPlatforms) = preSolution
		Debug|Any CPU = Debug|Any CPU
		Release|Any CPU = Release|Any CPU
	EndGlobalSection
	GlobalSection(ProjectConfigurationPlatforms) = postSolution
		{C04CB9C0-0C4E-4165-B6B9-C20398CAB617}.Debug|Any CPU.ActiveCfg = Debug|Any CPU
		{C04CB9C0-0C4E-4165-B6B9-C20398CAB617}.Debug|Any CPU.Build.0 = Debug|Any CPU
		{C04CB9C0-0C4E-4165-B6B9-C20398CAB617}.Release|Any CPU.ActiveCfg = Release|Any CPU
		{C04CB9C0-0C4E-4165-B6B9-C20398CAB617}.Release|Any CPU.Build.0 = Release|Any CPU
	EndGlobalSection
	GlobalSection(SolutionProperties) = preSolution
		HideSolutionNode = FALSE
	EndGlobalSection
	GlobalSection(ExtensibilityGlobals) = postSolution
		SolutionGuid = {D1F69609-4932-4777-A29F-A2DBF63E7D38}
	EndGlobalSection
EndGlobal
