
Microsoft Visual Studio Solution File, Format Version 10.00
# Visual Studio 2008
Project("{FAE04EC0-301F-11D3-BF4B-00C04F79EFBC}") = "07AbortTest", "AbortTest\07AbortTest.csproj", "{1B166E8F-52F8-4FC1-AC89-4CCA5F4330BB}"
EndProject
Project("{FAE04EC0-301F-11D3-BF4B-00C04F79EFBC}") = "01FirstExample", "FirstExample\01FirstExample.csproj", "{02120D7A-674B-4135-B269-A143993887F7}"
EndProject
Project("{FAE04EC0-301F-11D3-BF4B-00C04F79EFBC}") = "02MT01Start", "MT01Start\02MT01Start.csproj", "{0AEDD0AD-CFE7-40CC-8086-67E1B405C3C2}"
EndProject
Project("{FAE04EC0-301F-11D3-BF4B-00C04F79EFBC}") = "05MT02ParameterizedStart", "MT02ParametrizedStart\05MT02ParameterizedStart.csproj", "{F3CE725D-19A0-44E8-925C-F631B95C2E60}"
EndProject
Project("{FAE04EC0-301F-11D3-BF4B-00C04F79EFBC}") = "04ParameterPassWidthHelperClass", "ParameterPassWidthHelperClass\04ParameterPassWidthHelperClass.csproj", "{5CBD3634-51A0-4E06-B1EA-973CEF6C5888}"
EndProject
Project("{FAE04EC0-301F-11D3-BF4B-00C04F79EFBC}") = "09Thread_ThreadPool", "ThreadExamples\09Thread_ThreadPool.csproj", "{3E879E2B-5712-432C-B18A-4540D52E56EC}"
EndProject
Project("{FAE04EC0-301F-11D3-BF4B-00C04F79EFBC}") = "03ThreadMethodStaticANDInstance", "ThreadMethodStaticANDInstance\03ThreadMethodStaticANDInstance.csproj", "{7625F398-C29B-4D44-B05E-F0FF7FE4C306}"
EndProject
Project("{FAE04EC0-301F-11D3-BF4B-00C04F79EFBC}") = "06RetrievingDataWithCallbackMethod", "05RetrievingDataWithCallbackMethod\06RetrievingDataWithCallbackMethod.csproj", "{D527574F-DF17-4C82-BEE5-83E375FE76FA}"
EndProject
Project("{FAE04EC0-301F-11D3-BF4B-00C04F79EFBC}") = "08ThreadPolling", "SzalPolling\08ThreadPolling.csproj", "{AFF1E143-DDE8-44AF-A061-6F2BE27CAEA1}"
EndProject
Global
	GlobalSection(SolutionConfigurationPlatforms) = preSolution
		Debug|Any CPU = Debug|Any CPU
		Release|Any CPU = Release|Any CPU
	EndGlobalSection
	GlobalSection(ProjectConfigurationPlatforms) = postSolution
		{1B166E8F-52F8-4FC1-AC89-4CCA5F4330BB}.Debug|Any CPU.ActiveCfg = Debug|Any CPU
		{1B166E8F-52F8-4FC1-AC89-4CCA5F4330BB}.Debug|Any CPU.Build.0 = Debug|Any CPU
		{1B166E8F-52F8-4FC1-AC89-4CCA5F4330BB}.Release|Any CPU.ActiveCfg = Release|Any CPU
		{1B166E8F-52F8-4FC1-AC89-4CCA5F4330BB}.Release|Any CPU.Build.0 = Release|Any CPU
		{02120D7A-674B-4135-B269-A143993887F7}.Debug|Any CPU.ActiveCfg = Debug|Any CPU
		{02120D7A-674B-4135-B269-A143993887F7}.Debug|Any CPU.Build.0 = Debug|Any CPU
		{02120D7A-674B-4135-B269-A143993887F7}.Release|Any CPU.ActiveCfg = Release|Any CPU
		{02120D7A-674B-4135-B269-A143993887F7}.Release|Any CPU.Build.0 = Release|Any CPU
		{0AEDD0AD-CFE7-40CC-8086-67E1B405C3C2}.Debug|Any CPU.ActiveCfg = Debug|Any CPU
		{0AEDD0AD-CFE7-40CC-8086-67E1B405C3C2}.Debug|Any CPU.Build.0 = Debug|Any CPU
		{0AEDD0AD-CFE7-40CC-8086-67E1B405C3C2}.Release|Any CPU.ActiveCfg = Release|Any CPU
		{0AEDD0AD-CFE7-40CC-8086-67E1B405C3C2}.Release|Any CPU.Build.0 = Release|Any CPU
		{F3CE725D-19A0-44E8-925C-F631B95C2E60}.Debug|Any CPU.ActiveCfg = Debug|Any CPU
		{F3CE725D-19A0-44E8-925C-F631B95C2E60}.Debug|Any CPU.Build.0 = Debug|Any CPU
		{F3CE725D-19A0-44E8-925C-F631B95C2E60}.Release|Any CPU.ActiveCfg = Release|Any CPU
		{F3CE725D-19A0-44E8-925C-F631B95C2E60}.Release|Any CPU.Build.0 = Release|Any CPU
		{5CBD3634-51A0-4E06-B1EA-973CEF6C5888}.Debug|Any CPU.ActiveCfg = Debug|Any CPU
		{5CBD3634-51A0-4E06-B1EA-973CEF6C5888}.Debug|Any CPU.Build.0 = Debug|Any CPU
		{5CBD3634-51A0-4E06-B1EA-973CEF6C5888}.Release|Any CPU.ActiveCfg = Release|Any CPU
		{5CBD3634-51A0-4E06-B1EA-973CEF6C5888}.Release|Any CPU.Build.0 = Release|Any CPU
		{3E879E2B-5712-432C-B18A-4540D52E56EC}.Debug|Any CPU.ActiveCfg = Debug|Any CPU
		{3E879E2B-5712-432C-B18A-4540D52E56EC}.Debug|Any CPU.Build.0 = Debug|Any CPU
		{3E879E2B-5712-432C-B18A-4540D52E56EC}.Release|Any CPU.ActiveCfg = Release|Any CPU
		{3E879E2B-5712-432C-B18A-4540D52E56EC}.Release|Any CPU.Build.0 = Release|Any CPU
		{7625F398-C29B-4D44-B05E-F0FF7FE4C306}.Debug|Any CPU.ActiveCfg = Debug|Any CPU
		{7625F398-C29B-4D44-B05E-F0FF7FE4C306}.Debug|Any CPU.Build.0 = Debug|Any CPU
		{7625F398-C29B-4D44-B05E-F0FF7FE4C306}.Release|Any CPU.ActiveCfg = Release|Any CPU
		{7625F398-C29B-4D44-B05E-F0FF7FE4C306}.Release|Any CPU.Build.0 = Release|Any CPU
		{D527574F-DF17-4C82-BEE5-83E375FE76FA}.Debug|Any CPU.ActiveCfg = Debug|Any CPU
		{D527574F-DF17-4C82-BEE5-83E375FE76FA}.Debug|Any CPU.Build.0 = Debug|Any CPU
		{D527574F-DF17-4C82-BEE5-83E375FE76FA}.Release|Any CPU.ActiveCfg = Release|Any CPU
		{D527574F-DF17-4C82-BEE5-83E375FE76FA}.Release|Any CPU.Build.0 = Release|Any CPU
		{AFF1E143-DDE8-44AF-A061-6F2BE27CAEA1}.Debug|Any CPU.ActiveCfg = Debug|Any CPU
		{AFF1E143-DDE8-44AF-A061-6F2BE27CAEA1}.Debug|Any CPU.Build.0 = Debug|Any CPU
		{AFF1E143-DDE8-44AF-A061-6F2BE27CAEA1}.Release|Any CPU.ActiveCfg = Release|Any CPU
		{AFF1E143-DDE8-44AF-A061-6F2BE27CAEA1}.Release|Any CPU.Build.0 = Release|Any CPU
	EndGlobalSection
	GlobalSection(SolutionProperties) = preSolution
		HideSolutionNode = FALSE
	EndGlobalSection
EndGlobal
