
Microsoft Visual Studio Solution File, Format Version 12.00
# Visual Studio Version 16
VisualStudioVersion = 16.0.30517.126
MinimumVisualStudioVersion = 10.0.40219.1
Project("{FAE04EC0-301F-11D3-BF4B-00C04F79EFBC}") = "signal_pingpong", "signal_pingpong\signal_pingpong.csproj", "{81AA2DF3-3E58-4C84-9FD7-B94857547579}"
EndProject
Global
	GlobalSection(SolutionConfigurationPlatforms) = preSolution
		Debug|Any CPU = Debug|Any CPU
		Release|Any CPU = Release|Any CPU
	EndGlobalSection
	GlobalSection(ProjectConfigurationPlatforms) = postSolution
		{81AA2DF3-3E58-4C84-9FD7-B94857547579}.Debug|Any CPU.ActiveCfg = Debug|Any CPU
		{81AA2DF3-3E58-4C84-9FD7-B94857547579}.Debug|Any CPU.Build.0 = Debug|Any CPU
		{81AA2DF3-3E58-4C84-9FD7-B94857547579}.Release|Any CPU.ActiveCfg = Release|Any CPU
		{81AA2DF3-3E58-4C84-9FD7-B94857547579}.Release|Any CPU.Build.0 = Release|Any CPU
	EndGlobalSection
	GlobalSection(SolutionProperties) = preSolution
		HideSolutionNode = FALSE
	EndGlobalSection
	GlobalSection(ExtensibilityGlobals) = postSolution
		SolutionGuid = {2C186EEB-E421-4556-A6ED-0948AF487BC9}
	EndGlobalSection
EndGlobal
